{
  "requires": true,
  "lockfileVersion": 1,
  "dependencies": {
    "@types/angular": {
      "version": "1.8.1",
      "resolved": "https://registry.npmjs.org/@types/angular/-/angular-1.8.1.tgz",
      "integrity": "sha512-8zEjTC3gpkva6/dbUkiSxIUGUxYm9HD/pJJ0lbqfEM2TWqi/3vs4VtgoFxVXt5bmuJ+6G2caO2HaMD+NzB1VwA=="
    },
    "angular": {
      "version": "1.8.2",
      "resolved": "https://registry.npmjs.org/angular/-/angular-1.8.2.tgz",
      "integrity": "sha512-IauMOej2xEe7/7Ennahkbb5qd/HFADiNuLSESz9Q27inmi32zB0lnAsFeLEWcox3Gd1F6YhNd1CP7/9IukJ0Gw=="
    },
    "angular-resource": {
      "version": "1.8.2",
      "resolved": "https://registry.npmjs.org/angular-resource/-/angular-resource-1.8.2.tgz",
      "integrity": "sha512-CbTu8ypkVZMBLm+Wd+jI9xR7QEVCeUgN8WXsr9Yi9l0s/8ZQa5kEIuYX3F/75Ej8Xs1Jp9DoKjAyvACI6Q8IJA=="
    },
    "angular-route": {
      "version": "1.8.2",
      "resolved": "https://registry.npmjs.org/angular-route/-/angular-route-1.8.2.tgz",
      "integrity": "sha512-49LJYxuaQ/ZDiu9dD2xo1LkazqObkGjw0a7dUF7UKCT8EELgBsMd6QrI6aEVGtI62ppkiFkxqmiV8fcwYdXpug=="
    },
    "angularjs-ui-bootstrap": {
      "version": "2.5.0",
      "resolved": "https://registry.npmjs.org/angularjs-ui-bootstrap/-/angularjs-ui-bootstrap-2.5.0.tgz",
      "integrity": "sha512-VfoZtAie9faJDse2UeEING/wIeCJwHOS2CvIDFSfL85snffi/vdeDlZ0GYz2n3ZeNtgwJrEY8fP0rDLMSSKgXA=="
    },
    "bootstrap": {
      "version": "3.3.6",
      "resolved": "https://registry.npmjs.org/bootstrap/-/bootstrap-3.3.6.tgz",
      "integrity": "sha1-jej3SdyKdD8qxbUQ2Yg3Hj2qZYk="
    },
    "jquery": {
      "version": "3.5.1",
      "resolved": "https://registry.npmjs.org/jquery/-/jquery-3.5.1.tgz",
      "integrity": "sha512-XwIBPqcMn57FxfT+Go5pzySnm4KWkT1Tv7gjrpT1srtf8Weynl6R273VJ5GjkRb51IzMp5nbaPjJXMWeju2MKg=="
    },
    "ng-table": {
      "version": "3.0.1",
      "resolved": "https://registry.npmjs.org/ng-table/-/ng-table-3.0.1.tgz",
      "integrity": "sha1-4O+liIfPQYBct5c4FNpQnd24k2g=",
      "requires": {
        "@types/angular": "^1.5.13"
      }
    }
  }
}
